// !$*UTF8*$!
{
	archiveVersion = 1;
	classes = {
	};
	objectVersion = 55;
	objects = {

/* Begin PBXBuildFile section */
		FD22041D2788337700E4BCDE /* AppDelegate.swift in Sources */ = {isa = PBXBuildFile; fileRef = FD22041C2788337700E4BCDE /* AppDelegate.swift */; };
		FD22041F2788337800E4BCDE /* SceneDelegate.swift in Sources */ = {isa = PBXBuildFile; fileRef = FD22041E2788337800E4BCDE /* SceneDelegate.swift */; };
		FD2204212788337800E4BCDE /* MapViewController.swift in Sources */ = {isa = PBXBuildFile; fileRef = FD2204202788337800E4BCDE /* MapViewController.swift */; };
		FD2204242788337800E4BCDE /* Main.storyboard in Resources */ = {isa = PBXBuildFile; fileRef = FD2204222788337800E4BCDE /* Main.storyboard */; };
		FD2204262788337900E4BCDE /* Assets.xcassets in Resources */ = {isa = PBXBuildFile; fileRef = FD2204252788337900E4BCDE /* Assets.xcassets */; };
		FD2204292788337900E4BCDE /* LaunchScreen.storyboard in Resources */ = {isa = PBXBuildFile; fileRef = FD2204272788337900E4BCDE /* LaunchScreen.storyboard */; };
		FD220437278892FF00E4BCDE /* VirtualTourist.xcdatamodeld in Sources */ = {isa = PBXBuildFile; fileRef = FD220435278892FF00E4BCDE /* VirtualTourist.xcdatamodeld */; };
		FD220439278893E500E4BCDE /* DataController.swift in Sources */ = {isa = PBXBuildFile; fileRef = FD220438278893E500E4BCDE /* DataController.swift */; };
		FDA3808F278D8BE7002497EE /* MapViewController+Extensions.swift in Sources */ = {isa = PBXBuildFile; fileRef = FDA3808E278D8BE7002497EE /* MapViewController+Extensions.swift */; };
		FDA38092278DFB19002497EE /* PhotoAlbumViewController.swift in Sources */ = {isa = PBXBuildFile; fileRef = FDA38091278DFB19002497EE /* PhotoAlbumViewController.swift */; };
		FDB1FC1727908C97008954D3 /* FlickrResponse.swift in Sources */ = {isa = PBXBuildFile; fileRef = FDB1FC1627908C97008954D3 /* FlickrResponse.swift */; };
		FDB40C4C27903BA4002D5C68 /* PhotoAlbumViewController+Extensions.swift in Sources */ = {isa = PBXBuildFile; fileRef = FDB40C4B27903BA4002D5C68 /* PhotoAlbumViewController+Extensions.swift */; };
		FDB40C4E27903D7E002D5C68 /* Constants.swift in Sources */ = {isa = PBXBuildFile; fileRef = FDB40C4D27903D7E002D5C68 /* Constants.swift */; };
		FDB40C5027903E06002D5C68 /* UIViewController+Extensions.swift in Sources */ = {isa = PBXBuildFile; fileRef = FDB40C4F27903E06002D5C68 /* UIViewController+Extensions.swift */; };
		FDB40C5227903E86002D5C68 /* NetworkReachabilityManager.swift in Sources */ = {isa = PBXBuildFile; fileRef = FDB40C5127903E86002D5C68 /* NetworkReachabilityManager.swift */; };
		FDB73ACC278F37F100557E45 /* PhotoCollectionViewCell.swift in Sources */ = {isa = PBXBuildFile; fileRef = FDB73ACB278F37F100557E45 /* PhotoCollectionViewCell.swift */; };
		FDC0A009278AC3DF002C7A58 /* LocationPins.swift in Sources */ = {isa = PBXBuildFile; fileRef = FDC0A008278AC3DF002C7A58 /* LocationPins.swift */; };
		FDC0A00C278AC53E002C7A58 /* FlickrApiClient.swift in Sources */ = {isa = PBXBuildFile; fileRef = FDC0A00B278AC53E002C7A58 /* FlickrApiClient.swift */; };
/* End PBXBuildFile section */

/* Begin PBXFileReference section */
		FD2204192788337700E4BCDE /* Virtual Tourist.app */ = {isa = PBXFileReference; explicitFileType = wrapper.application; includeInIndex = 0; path = "Virtual Tourist.app"; sourceTree = BUILT_PRODUCTS_DIR; };
		FD22041C2788337700E4BCDE /* AppDelegate.swift */ = {isa = PBXFileReference; lastKnownFileType = sourcecode.swift; path = AppDelegate.swift; sourceTree = "<group>"; };
		FD22041E2788337800E4BCDE /* SceneDelegate.swift */ = {isa = PBXFileReference; lastKnownFileType = sourcecode.swift; path = SceneDelegate.swift; sourceTree = "<group>"; };
		FD2204202788337800E4BCDE /* MapViewController.swift */ = {isa = PBXFileReference; lastKnownFileType = sourcecode.swift; path = MapViewController.swift; sourceTree = "<group>"; };
		FD2204232788337800E4BCDE /* Base */ = {isa = PBXFileReference; lastKnownFileType = file.storyboard; name = Base; path = Base.lproj/Main.storyboard; sourceTree = "<group>"; };
		FD2204252788337900E4BCDE /* Assets.xcassets */ = {isa = PBXFileReference; lastKnownFileType = folder.assetcatalog; path = Assets.xcassets; sourceTree = "<group>"; };
		FD2204282788337900E4BCDE /* Base */ = {isa = PBXFileReference; lastKnownFileType = file.storyboard; name = Base; path = Base.lproj/LaunchScreen.storyboard; sourceTree = "<group>"; };
		FD22042A2788337900E4BCDE /* Info.plist */ = {isa = PBXFileReference; lastKnownFileType = text.plist.xml; path = Info.plist; sourceTree = "<group>"; };
		FD220436278892FF00E4BCDE /* VirtualTourist.xcdatamodel */ = {isa = PBXFileReference; lastKnownFileType = wrapper.xcdatamodel; path = VirtualTourist.xcdatamodel; sourceTree = "<group>"; };
		FD220438278893E500E4BCDE /* DataController.swift */ = {isa = PBXFileReference; lastKnownFileType = sourcecode.swift; path = DataController.swift; sourceTree = "<group>"; };
		FDA3808E278D8BE7002497EE /* MapViewController+Extensions.swift */ = {isa = PBXFileReference; lastKnownFileType = sourcecode.swift; path = "MapViewController+Extensions.swift"; sourceTree = "<group>"; };
		FDA38091278DFB19002497EE /* PhotoAlbumViewController.swift */ = {isa = PBXFileReference; lastKnownFileType = sourcecode.swift; path = PhotoAlbumViewController.swift; sourceTree = "<group>"; };
		FDB1FC1627908C97008954D3 /* FlickrResponse.swift */ = {isa = PBXFileReference; lastKnownFileType = sourcecode.swift; path = FlickrResponse.swift; sourceTree = "<group>"; };
		FDB40C4B27903BA4002D5C68 /* PhotoAlbumViewController+Extensions.swift */ = {isa = PBXFileReference; lastKnownFileType = sourcecode.swift; path = "PhotoAlbumViewController+Extensions.swift"; sourceTree = "<group>"; };
		FDB40C4D27903D7E002D5C68 /* Constants.swift */ = {isa = PBXFileReference; lastKnownFileType = sourcecode.swift; path = Constants.swift; sourceTree = "<group>"; };
		FDB40C4F27903E06002D5C68 /* UIViewController+Extensions.swift */ = {isa = PBXFileReference; lastKnownFileType = sourcecode.swift; path = "UIViewController+Extensions.swift"; sourceTree = "<group>"; };
		FDB40C5127903E86002D5C68 /* NetworkReachabilityManager.swift */ = {isa = PBXFileReference; lastKnownFileType = sourcecode.swift; path = NetworkReachabilityManager.swift; sourceTree = "<group>"; };
		FDB73ACB278F37F100557E45 /* PhotoCollectionViewCell.swift */ = {isa = PBXFileReference; lastKnownFileType = sourcecode.swift; path = PhotoCollectionViewCell.swift; sourceTree = "<group>"; };
		FDC0A008278AC3DF002C7A58 /* LocationPins.swift */ = {isa = PBXFileReference; lastKnownFileType = sourcecode.swift; path = LocationPins.swift; sourceTree = "<group>"; };
		FDC0A00B278AC53E002C7A58 /* FlickrApiClient.swift */ = {isa = PBXFileReference; lastKnownFileType = sourcecode.swift; path = FlickrApiClient.swift; sourceTree = "<group>"; };
/* End PBXFileReference section */

/* Begin PBXFrameworksBuildPhase section */
		FD2204162788337700E4BCDE /* Frameworks */ = {
			isa = PBXFrameworksBuildPhase;
			buildActionMask = 2147483647;
			files = (
			);
			runOnlyForDeploymentPostprocessing = 0;
		};
/* End PBXFrameworksBuildPhase section */

/* Begin PBXGroup section */
		FD2204102788337700E4BCDE = {
			isa = PBXGroup;
			children = (
				FD22041B2788337700E4BCDE /* Virtual Tourist */,
				FD22041A2788337700E4BCDE /* Products */,
			);
			sourceTree = "<group>";
		};
		FD22041A2788337700E4BCDE /* Products */ = {
			isa = PBXGroup;
			children = (
				FD2204192788337700E4BCDE /* Virtual Tourist.app */,
			);
			name = Products;
			sourceTree = "<group>";
		};
		FD22041B2788337700E4BCDE /* Virtual Tourist */ = {
			isa = PBXGroup;
			children = (
				FD220433278843F700E4BCDE /* Controller */,
				FD220432278843EC00E4BCDE /* Model */,
				FD2204302788364000E4BCDE /* View */,
				FD22041C2788337700E4BCDE /* AppDelegate.swift */,
				FD22041E2788337800E4BCDE /* SceneDelegate.swift */,
				FD22042A2788337900E4BCDE /* Info.plist */,
			);
			path = "Virtual Tourist";
			sourceTree = "<group>";
		};
		FD2204302788364000E4BCDE /* View */ = {
			isa = PBXGroup;
			children = (
				FDB73ACA278F37D000557E45 /* Collection View Cell */,
				FD2204252788337900E4BCDE /* Assets.xcassets */,
				FD2204312788364700E4BCDE /* Main UI */,
			);
			path = View;
			sourceTree = "<group>";
		};
		FD2204312788364700E4BCDE /* Main UI */ = {
			isa = PBXGroup;
			children = (
				FD2204222788337800E4BCDE /* Main.storyboard */,
				FD2204272788337900E4BCDE /* LaunchScreen.storyboard */,
			);
			path = "Main UI";
			sourceTree = "<group>";
		};
		FD220432278843EC00E4BCDE /* Model */ = {
			isa = PBXGroup;
			children = (
				FDC0A00A278AC52C002C7A58 /* Api */,
				FD220434278892D700E4BCDE /* Core Data Model */,
				FDB40C5127903E86002D5C68 /* NetworkReachabilityManager.swift */,
			);
			path = Model;
			sourceTree = "<group>";
		};
		FD220433278843F700E4BCDE /* Controller */ = {
			isa = PBXGroup;
			children = (
				FDA38090278D8CF8002497EE /* Extension */,
				FD2204202788337800E4BCDE /* MapViewController.swift */,
				FDA38091278DFB19002497EE /* PhotoAlbumViewController.swift */,
			);
			path = Controller;
			sourceTree = "<group>";
		};
		FD220434278892D700E4BCDE /* Core Data Model */ = {
			isa = PBXGroup;
			children = (
				FDC0A008278AC3DF002C7A58 /* LocationPins.swift */,
				FD220438278893E500E4BCDE /* DataController.swift */,
				FD220435278892FF00E4BCDE /* VirtualTourist.xcdatamodeld */,
			);
			path = "Core Data Model";
			sourceTree = "<group>";
		};
		FDA38090278D8CF8002497EE /* Extension */ = {
			isa = PBXGroup;
			children = (
				FDA3808E278D8BE7002497EE /* MapViewController+Extensions.swift */,
				FDB40C4B27903BA4002D5C68 /* PhotoAlbumViewController+Extensions.swift */,
				FDB40C4F27903E06002D5C68 /* UIViewController+Extensions.swift */,
			);
			path = Extension;
			sourceTree = "<group>";
		};
		FDB1FC1527908C7F008954D3 /* Response */ = {
			isa = PBXGroup;
			children = (
				FDB1FC1627908C97008954D3 /* FlickrResponse.swift */,
			);
			path = Response;
			sourceTree = "<group>";
		};
		FDB73ACA278F37D000557E45 /* Collection View Cell */ = {
			isa = PBXGroup;
			children = (
				FDB73ACB278F37F100557E45 /* PhotoCollectionViewCell.swift */,
			);
			path = "Collection View Cell";
			sourceTree = "<group>";
		};
		FDC0A00A278AC52C002C7A58 /* Api */ = {
			isa = PBXGroup;
			children = (
				FDB1FC1527908C7F008954D3 /* Response */,
				FDC0A00B278AC53E002C7A58 /* FlickrApiClient.swift */,
				FDB40C4D27903D7E002D5C68 /* Constants.swift */,
			);
			path = Api;
			sourceTree = "<group>";
		};
/* End PBXGroup section */

/* Begin PBXNativeTarget section */
		FD2204182788337700E4BCDE /* Virtual Tourist */ = {
			isa = PBXNativeTarget;
			buildConfigurationList = FD22042D2788337900E4BCDE /* Build configuration list for PBXNativeTarget "Virtual Tourist" */;
			buildPhases = (
				FD2204152788337700E4BCDE /* Sources */,
				FD2204162788337700E4BCDE /* Frameworks */,
				FD2204172788337700E4BCDE /* Resources */,
			);
			buildRules = (
			);
			dependencies = (
			);
			name = "Virtual Tourist";
			productName = "Virtual Tourist";
			productReference = FD2204192788337700E4BCDE /* Virtual Tourist.app */;
			productType = "com.apple.product-type.application";
		};
/* End PBXNativeTarget section */

/* Begin PBXProject section */
		FD2204112788337700E4BCDE /* Project object */ = {
			isa = PBXProject;
			attributes = {
				BuildIndependentTargetsInParallel = 1;
				LastSwiftUpdateCheck = 1320;
				LastUpgradeCheck = 1320;
				TargetAttributes = {
					FD2204182788337700E4BCDE = {
						CreatedOnToolsVersion = 13.2.1;
					};
				};
			};
			buildConfigurationList = FD2204142788337700E4BCDE /* Build configuration list for PBXProject "Virtual Tourist" */;
			compatibilityVersion = "Xcode 13.0";
			developmentRegion = en;
			hasScannedForEncodings = 0;
			knownRegions = (
				en,
				Base,
			);
			mainGroup = FD2204102788337700E4BCDE;
			productRefGroup = FD22041A2788337700E4BCDE /* Products */;
			projectDirPath = "";
			projectRoot = "";
			targets = (
				FD2204182788337700E4BCDE /* Virtual Tourist */,
			);
		};
/* End PBXProject section */

/* Begin PBXResourcesBuildPhase section */
		FD2204172788337700E4BCDE /* Resources */ = {
			isa = PBXResourcesBuildPhase;
			buildActionMask = 2147483647;
			files = (
				FD2204292788337900E4BCDE /* LaunchScreen.storyboard in Resources */,
				FD2204262788337900E4BCDE /* Assets.xcassets in Resources */,
				FD2204242788337800E4BCDE /* Main.storyboard in Resources */,
			);
			runOnlyForDeploymentPostprocessing = 0;
		};
/* End PBXResourcesBuildPhase section */

/* Begin PBXSourcesBuildPhase section */
		FD2204152788337700E4BCDE /* Sources */ = {
			isa = PBXSourcesBuildPhase;
			buildActionMask = 2147483647;
			files = (
				FDB40C5227903E86002D5C68 /* NetworkReachabilityManager.swift in Sources */,
				FD220439278893E500E4BCDE /* DataController.swift in Sources */,
				FDB1FC1727908C97008954D3 /* FlickrResponse.swift in Sources */,
				FDB73ACC278F37F100557E45 /* PhotoCollectionViewCell.swift in Sources */,
				FDB40C5027903E06002D5C68 /* UIViewController+Extensions.swift in Sources */,
				FDB40C4C27903BA4002D5C68 /* PhotoAlbumViewController+Extensions.swift in Sources */,
				FDA3808F278D8BE7002497EE /* MapViewController+Extensions.swift in Sources */,
				FDA38092278DFB19002497EE /* PhotoAlbumViewController.swift in Sources */,
				FD220437278892FF00E4BCDE /* VirtualTourist.xcdatamodeld in Sources */,
				FDC0A009278AC3DF002C7A58 /* LocationPins.swift in Sources */,
				FD2204212788337800E4BCDE /* MapViewController.swift in Sources */,
				FD22041D2788337700E4BCDE /* AppDelegate.swift in Sources */,
				FDC0A00C278AC53E002C7A58 /* FlickrApiClient.swift in Sources */,
				FD22041F2788337800E4BCDE /* SceneDelegate.swift in Sources */,
				FDB40C4E27903D7E002D5C68 /* Constants.swift in Sources */,
			);
			runOnlyForDeploymentPostprocessing = 0;
		};
/* End PBXSourcesBuildPhase section */

/* Begin PBXVariantGroup section */
		FD2204222788337800E4BCDE /* Main.storyboard */ = {
			isa = PBXVariantGroup;
			children = (
				FD2204232788337800E4BCDE /* Base */,
			);
			name = Main.storyboard;
			sourceTree = "<group>";
		};
		FD2204272788337900E4BCDE /* LaunchScreen.storyboard */ = {
			isa = PBXVariantGroup;
			children = (
				FD2204282788337900E4BCDE /* Base */,
			);
			name = LaunchScreen.storyboard;
			sourceTree = "<group>";
		};
/* End PBXVariantGroup section */

/* Begin XCBuildConfiguration section */
		FD22042B2788337900E4BCDE /* Debug */ = {
			isa = XCBuildConfiguration;
			buildSettings = {
				ALWAYS_SEARCH_USER_PATHS = NO;
				CLANG_ANALYZER_NONNULL = YES;
				CLANG_ANALYZER_NUMBER_OBJECT_CONVERSION = YES_AGGRESSIVE;
				CLANG_CXX_LANGUAGE_STANDARD = "gnu++17";
				CLANG_CXX_LIBRARY = "libc++";
				CLANG_ENABLE_MODULES = YES;
				CLANG_ENABLE_OBJC_ARC = YES;
				CLANG_ENABLE_OBJC_WEAK = YES;
				CLANG_WARN_BLOCK_CAPTURE_AUTORELEASING = YES;
				CLANG_WARN_BOOL_CONVERSION = YES;
				CLANG_WARN_COMMA = YES;
				CLANG_WARN_CONSTANT_CONVERSION = YES;
				CLANG_WARN_DEPRECATED_OBJC_IMPLEMENTATIONS = YES;
				CLANG_WARN_DIRECT_OBJC_ISA_USAGE = YES_ERROR;
				CLANG_WARN_DOCUMENTATION_COMMENTS = YES;
				CLANG_WARN_EMPTY_BODY = YES;
				CLANG_WARN_ENUM_CONVERSION = YES;
				CLANG_WARN_INFINITE_RECURSION = YES;
				CLANG_WARN_INT_CONVERSION = YES;
				CLANG_WARN_NON_LITERAL_NULL_CONVERSION = YES;
				CLANG_WARN_OBJC_IMPLICIT_RETAIN_SELF = YES;
				CLANG_WARN_OBJC_LITERAL_CONVERSION = YES;
				CLANG_WARN_OBJC_ROOT_CLASS = YES_ERROR;
				CLANG_WARN_QUOTED_INCLUDE_IN_FRAMEWORK_HEADER = YES;
				CLANG_WARN_RANGE_LOOP_ANALYSIS = YES;
				CLANG_WARN_STRICT_PROTOTYPES = YES;
				CLANG_WARN_SUSPICIOUS_MOVE = YES;
				CLANG_WARN_UNGUARDED_AVAILABILITY = YES_AGGRESSIVE;
				CLANG_WARN_UNREACHABLE_CODE = YES;
				CLANG_WARN__DUPLICATE_METHOD_MATCH = YES;
				COPY_PHASE_STRIP = NO;
				DEBUG_INFORMATION_FORMAT = dwarf;
				ENABLE_STRICT_OBJC_MSGSEND = YES;
				ENABLE_TESTABILITY = YES;
				GCC_C_LANGUAGE_STANDARD = gnu11;
				GCC_DYNAMIC_NO_PIC = NO;
				GCC_NO_COMMON_BLOCKS = YES;
				GCC_OPTIMIZATION_LEVEL = 0;
				GCC_PREPROCESSOR_DEFINITIONS = (
					"DEBUG=1",
					"$(inherited)",
				);
				GCC_WARN_64_TO_32_BIT_CONVERSION = YES;
				GCC_WARN_ABOUT_RETURN_TYPE = YES_ERROR;
				GCC_WARN_UNDECLARED_SELECTOR = YES;
				GCC_WARN_UNINITIALIZED_AUTOS = YES_AGGRESSIVE;
				GCC_WARN_UNUSED_FUNCTION = YES;
				GCC_WARN_UNUSED_VARIABLE = YES;
				IPHONEOS_DEPLOYMENT_TARGET = 15.2;
				MTL_ENABLE_DEBUG_INFO = INCLUDE_SOURCE;
				MTL_FAST_MATH = YES;
				ONLY_ACTIVE_ARCH = YES;
				SDKROOT = iphoneos;
				SWIFT_ACTIVE_COMPILATION_CONDITIONS = DEBUG;
				SWIFT_OPTIMIZATION_LEVEL = "-Onone";
			};
			name = Debug;
		};
		FD22042C2788337900E4BCDE /* Release */ = {
			isa = XCBuildConfiguration;
			buildSettings = {
				ALWAYS_SEARCH_USER_PATHS = NO;
				CLANG_ANALYZER_NONNULL = YES;
				CLANG_ANALYZER_NUMBER_OBJECT_CONVERSION = YES_AGGRESSIVE;
				CLANG_CXX_LANGUAGE_STANDARD = "gnu++17";
				CLANG_CXX_LIBRARY = "libc++";
				CLANG_ENABLE_MODULES = YES;
				CLANG_ENABLE_OBJC_ARC = YES;
				CLANG_ENABLE_OBJC_WEAK = YES;
				CLANG_WARN_BLOCK_CAPTURE_AUTORELEASING = YES;
				CLANG_WARN_BOOL_CONVERSION = YES;
				CLANG_WARN_COMMA = YES;
				CLANG_WARN_CONSTANT_CONVERSION = YES;
				CLANG_WARN_DEPRECATED_OBJC_IMPLEMENTATIONS = YES;
				CLANG_WARN_DIRECT_OBJC_ISA_USAGE = YES_ERROR;
				CLANG_WARN_DOCUMENTATION_COMMENTS = YES;
				CLANG_WARN_EMPTY_BODY = YES;
				CLANG_WARN_ENUM_CONVERSION = YES;
				CLANG_WARN_INFINITE_RECURSION = YES;
				CLANG_WARN_INT_CONVERSION = YES;
				CLANG_WARN_NON_LITERAL_NULL_CONVERSION = YES;
				CLANG_WARN_OBJC_IMPLICIT_RETAIN_SELF = YES;
				CLANG_WARN_OBJC_LITERAL_CONVERSION = YES;
				CLANG_WARN_OBJC_ROOT_CLASS = YES_ERROR;
				CLANG_WARN_QUOTED_INCLUDE_IN_FRAMEWORK_HEADER = YES;
				CLANG_WARN_RANGE_LOOP_ANALYSIS = YES;
				CLANG_WARN_STRICT_PROTOTYPES = YES;
				CLANG_WARN_SUSPICIOUS_MOVE = YES;
				CLANG_WARN_UNGUARDED_AVAILABILITY = YES_AGGRESSIVE;
				CLANG_WARN_UNREACHABLE_CODE = YES;
				CLANG_WARN__DUPLICATE_METHOD_MATCH = YES;
				COPY_PHASE_STRIP = NO;
				DEBUG_INFORMATION_FORMAT = "dwarf-with-dsym";
				ENABLE_NS_ASSERTIONS = NO;
				ENABLE_STRICT_OBJC_MSGSEND = YES;
				GCC_C_LANGUAGE_STANDARD = gnu11;
				GCC_NO_COMMON_BLOCKS = YES;
				GCC_WARN_64_TO_32_BIT_CONVERSION = YES;
				GCC_WARN_ABOUT_RETURN_TYPE = YES_ERROR;
				GCC_WARN_UNDECLARED_SELECTOR = YES;
				GCC_WARN_UNINITIALIZED_AUTOS = YES_AGGRESSIVE;
				GCC_WARN_UNUSED_FUNCTION = YES;
				GCC_WARN_UNUSED_VARIABLE = YES;
				IPHONEOS_DEPLOYMENT_TARGET = 15.2;
				MTL_ENABLE_DEBUG_INFO = NO;
				MTL_FAST_MATH = YES;
				SDKROOT = iphoneos;
				SWIFT_COMPILATION_MODE = wholemodule;
				SWIFT_OPTIMIZATION_LEVEL = "-O";
				VALIDATE_PRODUCT = YES;
			};
			name = Release;
		};
		FD22042E2788337900E4BCDE /* Debug */ = {
			isa = XCBuildConfiguration;
			buildSettings = {
				ASSETCATALOG_COMPILER_APPICON_NAME = AppIcon;
				ASSETCATALOG_COMPILER_GLOBAL_ACCENT_COLOR_NAME = AccentColor;
				CODE_SIGN_STYLE = Automatic;
				CURRENT_PROJECT_VERSION = 1;
				DEVELOPMENT_TEAM = ZFTPS95599;
				GENERATE_INFOPLIST_FILE = YES;
				INFOPLIST_FILE = "Virtual Tourist/Info.plist";
				INFOPLIST_KEY_UIApplicationSupportsIndirectInputEvents = YES;
				INFOPLIST_KEY_UILaunchStoryboardName = LaunchScreen;
				INFOPLIST_KEY_UIMainStoryboardFile = Main;
				INFOPLIST_KEY_UISupportedInterfaceOrientations_iPad = "UIInterfaceOrientationPortrait UIInterfaceOrientationPortraitUpsideDown UIInterfaceOrientationLandscapeLeft UIInterfaceOrientationLandscapeRight";
				INFOPLIST_KEY_UISupportedInterfaceOrientations_iPhone = "UIInterfaceOrientationPortrait UIInterfaceOrientationLandscapeLeft UIInterfaceOrientationLandscapeRight";
				LD_RUNPATH_SEARCH_PATHS = (
					"$(inherited)",
					"@executable_path/Frameworks",
				);
				MARKETING_VERSION = 1.0;
				PRODUCT_BUNDLE_IDENTIFIER = "com.hwys.Virtual-Tourist";
				PRODUCT_NAME = "$(TARGET_NAME)";
				SWIFT_EMIT_LOC_STRINGS = YES;
				SWIFT_VERSION = 5.0;
				TARGETED_DEVICE_FAMILY = "1,2";
			};
			name = Debug;
		};
		FD22042F2788337900E4BCDE /* Release */ = {
			isa = XCBuildConfiguration;
			buildSettings = {
				ASSETCATALOG_COMPILER_APPICON_NAME = AppIcon;
				ASSETCATALOG_COMPILER_GLOBAL_ACCENT_COLOR_NAME = AccentColor;
				CODE_SIGN_STYLE = Automatic;
				CURRENT_PROJECT_VERSION = 1;
				DEVELOPMENT_TEAM = ZFTPS95599;
				GENERATE_INFOPLIST_FILE = YES;
				INFOPLIST_FILE = "Virtual Tourist/Info.plist";
				INFOPLIST_KEY_UIApplicationSupportsIndirectInputEvents = YES;
				INFOPLIST_KEY_UILaunchStoryboardName = LaunchScreen;
				INFOPLIST_KEY_UIMainStoryboardFile = Main;
				INFOPLIST_KEY_UISupportedInterfaceOrientations_iPad = "UIInterfaceOrientationPortrait UIInterfaceOrientationPortraitUpsideDown UIInterfaceOrientationLandscapeLeft UIInterfaceOrientationLandscapeRight";
				INFOPLIST_KEY_UISupportedInterfaceOrientations_iPhone = "UIInterfaceOrientationPortrait UIInterfaceOrientationLandscapeLeft UIInterfaceOrientationLandscapeRight";
				LD_RUNPATH_SEARCH_PATHS = (
					"$(inherited)",
					"@executable_path/Frameworks",
				);
				MARKETING_VERSION = 1.0;
				PRODUCT_BUNDLE_IDENTIFIER = "com.hwys.Virtual-Tourist";
				PRODUCT_NAME = "$(TARGET_NAME)";
				SWIFT_EMIT_LOC_STRINGS = YES;
				SWIFT_VERSION = 5.0;
				TARGETED_DEVICE_FAMILY = "1,2";
			};
			name = Release;
		};
/* End XCBuildConfiguration section */

/* Begin XCConfigurationList section */
		FD2204142788337700E4BCDE /* Build configuration list for PBXProject "Virtual Tourist" */ = {
			isa = XCConfigurationList;
			buildConfigurations = (
				FD22042B2788337900E4BCDE /* Debug */,
				FD22042C2788337900E4BCDE /* Release */,
			);
			defaultConfigurationIsVisible = 0;
			defaultConfigurationName = Release;
		};
		FD22042D2788337900E4BCDE /* Build configuration list for PBXNativeTarget "Virtual Tourist" */ = {
			isa = XCConfigurationList;
			buildConfigurations = (
				FD22042E2788337900E4BCDE /* Debug */,
				FD22042F2788337900E4BCDE /* Release */,
			);
			defaultConfigurationIsVisible = 0;
			defaultConfigurationName = Release;
		};
/* End XCConfigurationList section */

/* Begin XCVersionGroup section */
		FD220435278892FF00E4BCDE /* VirtualTourist.xcdatamodeld */ = {
			isa = XCVersionGroup;
			children = (
				FD220436278892FF00E4BCDE /* VirtualTourist.xcdatamodel */,
			);
			currentVersion = FD220436278892FF00E4BCDE /* VirtualTourist.xcdatamodel */;
			path = VirtualTourist.xcdatamodeld;
			sourceTree = "<group>";
			versionGroupType = wrapper.xcdatamodel;
		};
/* End XCVersionGroup section */
	};
	rootObject = FD2204112788337700E4BCDE /* Project object */;
}
